
Microsoft Visual Studio Solution File, Format Version 12.00
# Visual Studio 15
VisualStudioVersion = 15.0.28010.2003
MinimumVisualStudioVersion = 10.0.40219.1
Project("{8BC9CEB8-8B4A-11D0-8D11-00A0C91BC942}") = "DinoBot", "DinoBot\DinoBot.vcxproj", "{5658E056-AAB5-4F6E-8660-6E44433AA195}"
EndProject
Global
	GlobalSection(SolutionConfigurationPlatforms) = preSolution
		Debug|x64 = Debug|x64
		Debug|x86 = Debug|x86
		Release|x64 = Release|x64
		Release|x86 = Release|x86
	EndGlobalSection
	GlobalSection(ProjectConfigurationPlatforms) = postSolution
		{5658E056-AAB5-4F6E-8660-6E44433AA195}.Debug|x64.ActiveCfg = Debug|x64
		{5658E056-AAB5-4F6E-8660-6E44433AA195}.Debug|x64.Build.0 = Debug|x64
		{5658E056-AAB5-4F6E-8660-6E44433AA195}.Debug|x86.ActiveCfg = Debug|Win32
		{5658E056-AAB5-4F6E-8660-6E44433AA195}.Debug|x86.Build.0 = Debug|Win32
		{5658E056-AAB5-4F6E-8660-6E44433AA195}.Release|x64.ActiveCfg = Release|x64
		{5658E056-AAB5-4F6E-8660-6E44433AA195}.Release|x64.Build.0 = Release|x64
		{5658E056-AAB5-4F6E-8660-6E44433AA195}.Release|x86.ActiveCfg = Release|Win32
		{5658E056-AAB5-4F6E-8660-6E44433AA195}.Release|x86.Build.0 = Release|Win32
	EndGlobalSection
	GlobalSection(SolutionProperties) = preSolution
		HideSolutionNode = FALSE
	EndGlobalSection
	GlobalSection(ExtensibilityGlobals) = postSolution
		SolutionGuid = {BC36D4B2-C0E7-4EC5-93D1-30870B3F9AC5}
	EndGlobalSection
EndGlobal
